PODS:
  - apivideo_live_stream (0.0.1):
    - ApiVideoLiveStream (= 1.4.1)
    - Flutter
  - ApiVideoLiveStream (1.4.1):
    - HaishinKit (= 1.7.3)
  - Flutter (1.0.0)
  - HaishinKit (1.7.3):
    - Logboard (~> 2.4.1)
  - Logboard (2.4.2)
  - native_device_orientation (0.0.1):
    - Flutter

DEPENDENCIES:
  - apivideo_live_stream (from `.symlinks/plugins/apivideo_live_stream/ios`)
  - Flutter (from `Flutter`)
  - native_device_orientation (from `.symlinks/plugins/native_device_orientation/ios`)

SPEC REPOS:
  trunk:
    - ApiVideoLiveStream
    - HaishinKit
    - Logboard

EXTERNAL SOURCES:
  apivideo_live_stream:
    :path: ".symlinks/plugins/apivideo_live_stream/ios"
  Flutter:
    :path: Flutter
  native_device_orientation:
    :path: ".symlinks/plugins/native_device_orientation/ios"

SPEC CHECKSUMS:
  apivideo_live_stream: caab45dd35fb3b140d423c099d0f6672378e7abe
  ApiVideoLiveStream: 8f9dce7f6d15d5e4bb3c7a25e406bf2a36337a5a
  Flutter: cabc95a1d2626b1b06e7179b784ebcf0c0cde467
  HaishinKit: 326e27c4d06427ba53bffc68e516a92033293051
  Logboard: 759d82599c439945d430d5a0958455b5a1974a0c
  native_device_orientation: d6a4dc6887cd8a5ce1049962367aec60139ea0f1

PODFILE CHECKSUM: 3c63482e143d1b91d2d2560aee9fb04ecc74ac7e

COCOAPODS: 1.16.2
